// !$*UTF8*$!
{
	archiveVersion = 1;
	classes = {
	};
	objectVersion = 46;
	objects = {

/* Begin PBXBuildFile section */
		9CDD0A4E1A3806610055B0E4 /* INFDefaultData.plist in Resources */ = {isa = PBXBuildFile; fileRef = 9CDD0A4D1A3806610055B0E4 /* INFDefaultData.plist */; };
		F844DCBC1A37D1DD005410AA /* main.m in Sources */ = {isa = PBXBuildFile; fileRef = F844DCBB1A37D1DD005410AA /* main.m */; };
		F844DCBF1A37D1DD005410AA /* AppDelegate.m in Sources */ = {isa = PBXBuildFile; fileRef = F844DCBE1A37D1DD005410AA /* AppDelegate.m */; };
		F844DCC51A37D1DD005410AA /* Main.storyboard in Resources */ = {isa = PBXBuildFile; fileRef = F844DCC31A37D1DD005410AA /* Main.storyboard */; };
		F844DCC71A37D1DD005410AA /* Images.xcassets in Resources */ = {isa = PBXBuildFile; fileRef = F844DCC61A37D1DD005410AA /* Images.xcassets */; };
		F844DCCA1A37D1DD005410AA /* LaunchScreen.xib in Resources */ = {isa = PBXBuildFile; fileRef = F844DCC81A37D1DD005410AA /* LaunchScreen.xib */; };
		F844DCD61A37D1DD005410AA /* InfectionTests.m in Sources */ = {isa = PBXBuildFile; fileRef = F844DCD51A37D1DD005410AA /* InfectionTests.m */; };
		F844DCE51A37DF7A005410AA /* INFVisualizationViewController.m in Sources */ = {isa = PBXBuildFile; fileRef = F844DCE41A37DF7A005410AA /* INFVisualizationViewController.m */; };
		F844DCE81A37DF89005410AA /* INFTotalInfectionViewController.m in Sources */ = {isa = PBXBuildFile; fileRef = F844DCE71A37DF89005410AA /* INFTotalInfectionViewController.m */; };
		F844DCEB1A37DF9B005410AA /* INFLimitedInfectionViewController.m in Sources */ = {isa = PBXBuildFile; fileRef = F844DCEA1A37DF9B005410AA /* INFLimitedInfectionViewController.m */; };
		F844DCEE1A37DFAE005410AA /* INFSettingsViewController.m in Sources */ = {isa = PBXBuildFile; fileRef = F844DCED1A37DFAE005410AA /* INFSettingsViewController.m */; };
		F844DCF21A37E54D005410AA /* INFTree.m in Sources */ = {isa = PBXBuildFile; fileRef = F844DCF11A37E54D005410AA /* INFTree.m */; };
		F844DCF51A37E558005410AA /* INFNode.m in Sources */ = {isa = PBXBuildFile; fileRef = F844DCF41A37E558005410AA /* INFNode.m */; };
		F844DCF81A37E568005410AA /* INFUser.m in Sources */ = {isa = PBXBuildFile; fileRef = F844DCF71A37E568005410AA /* INFUser.m */; };
		F844DCFB1A37EACA005410AA /* INFDataManager.m in Sources */ = {isa = PBXBuildFile; fileRef = F844DCFA1A37EACA005410AA /* INFDataManager.m */; };
/* End PBXBuildFile section */

/* Begin PBXContainerItemProxy section */
		F844DCD01A37D1DD005410AA /* PBXContainerItemProxy */ = {
			isa = PBXContainerItemProxy;
			containerPortal = F844DCAE1A37D1DD005410AA /* Project object */;
			proxyType = 1;
			remoteGlobalIDString = F844DCB51A37D1DD005410AA;
			remoteInfo = Infection;
		};
/* End PBXContainerItemProxy section */

/* Begin PBXFileReference section */
		9CDD0A4D1A3806610055B0E4 /* INFDefaultData.plist */ = {isa = PBXFileReference; fileEncoding = 4; lastKnownFileType = text.plist.xml; path = INFDefaultData.plist; sourceTree = "<group>"; };
		F844DCB61A37D1DD005410AA /* Infection.app */ = {isa = PBXFileReference; explicitFileType = wrapper.application; includeInIndex = 0; path = Infection.app; sourceTree = BUILT_PRODUCTS_DIR; };
		F844DCBA1A37D1DD005410AA /* Info.plist */ = {isa = PBXFileReference; lastKnownFileType = text.plist.xml; path = Info.plist; sourceTree = "<group>"; };
		F844DCBB1A37D1DD005410AA /* main.m */ = {isa = PBXFileReference; lastKnownFileType = sourcecode.c.objc; path = main.m; sourceTree = "<group>"; };
		F844DCBD1A37D1DD005410AA /* AppDelegate.h */ = {isa = PBXFileReference; lastKnownFileType = sourcecode.c.h; path = AppDelegate.h; sourceTree = "<group>"; };
		F844DCBE1A37D1DD005410AA /* AppDelegate.m */ = {isa = PBXFileReference; lastKnownFileType = sourcecode.c.objc; path = AppDelegate.m; sourceTree = "<group>"; };
		F844DCC41A37D1DD005410AA /* Base */ = {isa = PBXFileReference; lastKnownFileType = file.storyboard; name = Base; path = Base.lproj/Main.storyboard; sourceTree = "<group>"; };
		F844DCC61A37D1DD005410AA /* Images.xcassets */ = {isa = PBXFileReference; lastKnownFileType = folder.assetcatalog; path = Images.xcassets; sourceTree = "<group>"; };
		F844DCC91A37D1DD005410AA /* Base */ = {isa = PBXFileReference; lastKnownFileType = file.xib; name = Base; path = Base.lproj/LaunchScreen.xib; sourceTree = "<group>"; };
		F844DCCF1A37D1DD005410AA /* InfectionTests.xctest */ = {isa = PBXFileReference; explicitFileType = wrapper.cfbundle; includeInIndex = 0; path = InfectionTests.xctest; sourceTree = BUILT_PRODUCTS_DIR; };
		F844DCD41A37D1DD005410AA /* Info.plist */ = {isa = PBXFileReference; lastKnownFileType = text.plist.xml; path = Info.plist; sourceTree = "<group>"; };
		F844DCD51A37D1DD005410AA /* InfectionTests.m */ = {isa = PBXFileReference; lastKnownFileType = sourcecode.c.objc; path = InfectionTests.m; sourceTree = "<group>"; };
		F844DCE31A37DF7A005410AA /* INFVisualizationViewController.h */ = {isa = PBXFileReference; fileEncoding = 4; lastKnownFileType = sourcecode.c.h; path = INFVisualizationViewController.h; sourceTree = "<group>"; };
		F844DCE41A37DF7A005410AA /* INFVisualizationViewController.m */ = {isa = PBXFileReference; fileEncoding = 4; lastKnownFileType = sourcecode.c.objc; path = INFVisualizationViewController.m; sourceTree = "<group>"; };
		F844DCE61A37DF89005410AA /* INFTotalInfectionViewController.h */ = {isa = PBXFileReference; fileEncoding = 4; lastKnownFileType = sourcecode.c.h; path = INFTotalInfectionViewController.h; sourceTree = "<group>"; };
		F844DCE71A37DF89005410AA /* INFTotalInfectionViewController.m */ = {isa = PBXFileReference; fileEncoding = 4; lastKnownFileType = sourcecode.c.objc; path = INFTotalInfectionViewController.m; sourceTree = "<group>"; };
		F844DCE91A37DF9B005410AA /* INFLimitedInfectionViewController.h */ = {isa = PBXFileReference; fileEncoding = 4; lastKnownFileType = sourcecode.c.h; path = INFLimitedInfectionViewController.h; sourceTree = "<group>"; };
		F844DCEA1A37DF9B005410AA /* INFLimitedInfectionViewController.m */ = {isa = PBXFileReference; fileEncoding = 4; lastKnownFileType = sourcecode.c.objc; path = INFLimitedInfectionViewController.m; sourceTree = "<group>"; };
		F844DCEC1A37DFAE005410AA /* INFSettingsViewController.h */ = {isa = PBXFileReference; fileEncoding = 4; lastKnownFileType = sourcecode.c.h; path = INFSettingsViewController.h; sourceTree = "<group>"; };
		F844DCED1A37DFAE005410AA /* INFSettingsViewController.m */ = {isa = PBXFileReference; fileEncoding = 4; lastKnownFileType = sourcecode.c.objc; path = INFSettingsViewController.m; sourceTree = "<group>"; };
		F844DCF01A37E54D005410AA /* INFTree.h */ = {isa = PBXFileReference; fileEncoding = 4; lastKnownFileType = sourcecode.c.h; path = INFTree.h; sourceTree = "<group>"; };
		F844DCF11A37E54D005410AA /* INFTree.m */ = {isa = PBXFileReference; fileEncoding = 4; lastKnownFileType = sourcecode.c.objc; path = INFTree.m; sourceTree = "<group>"; };
		F844DCF31A37E558005410AA /* INFNode.h */ = {isa = PBXFileReference; fileEncoding = 4; lastKnownFileType = sourcecode.c.h; path = INFNode.h; sourceTree = "<group>"; };
		F844DCF41A37E558005410AA /* INFNode.m */ = {isa = PBXFileReference; fileEncoding = 4; lastKnownFileType = sourcecode.c.objc; path = INFNode.m; sourceTree = "<group>"; };
		F844DCF61A37E568005410AA /* INFUser.h */ = {isa = PBXFileReference; fileEncoding = 4; lastKnownFileType = sourcecode.c.h; path = INFUser.h; sourceTree = "<group>"; };
		F844DCF71A37E568005410AA /* INFUser.m */ = {isa = PBXFileReference; fileEncoding = 4; lastKnownFileType = sourcecode.c.objc; path = INFUser.m; sourceTree = "<group>"; };
		F844DCF91A37EACA005410AA /* INFDataManager.h */ = {isa = PBXFileReference; fileEncoding = 4; lastKnownFileType = sourcecode.c.h; path = INFDataManager.h; sourceTree = "<group>"; };
		F844DCFA1A37EACA005410AA /* INFDataManager.m */ = {isa = PBXFileReference; fileEncoding = 4; lastKnownFileType = sourcecode.c.objc; path = INFDataManager.m; sourceTree = "<group>"; };
/* End PBXFileReference section */

/* Begin PBXFrameworksBuildPhase section */
		F844DCB31A37D1DD005410AA /* Frameworks */ = {
			isa = PBXFrameworksBuildPhase;
			buildActionMask = 2147483647;
			files = (
			);
			runOnlyForDeploymentPostprocessing = 0;
		};
		F844DCCC1A37D1DD005410AA /* Frameworks */ = {
			isa = PBXFrameworksBuildPhase;
			buildActionMask = 2147483647;
			files = (
			);
			runOnlyForDeploymentPostprocessing = 0;
		};
/* End PBXFrameworksBuildPhase section */

/* Begin PBXGroup section */
		F844DCAD1A37D1DD005410AA = {
			isa = PBXGroup;
			children = (
				F844DCB81A37D1DD005410AA /* Infection */,
				F844DCD21A37D1DD005410AA /* InfectionTests */,
				F844DCB71A37D1DD005410AA /* Products */,
			);
			sourceTree = "<group>";
		};
		F844DCB71A37D1DD005410AA /* Products */ = {
			isa = PBXGroup;
			children = (
				F844DCB61A37D1DD005410AA /* Infection.app */,
				F844DCCF1A37D1DD005410AA /* InfectionTests.xctest */,
			);
			name = Products;
			sourceTree = "<group>";
		};
		F844DCB81A37D1DD005410AA /* Infection */ = {
			isa = PBXGroup;
			children = (
				F844DCEF1A37E2FF005410AA /* Objects */,
				F844DCE01A37DEA7005410AA /* Visualization */,
				F844DCE11A37DEB0005410AA /* Total Infection */,
				F844DCE21A37DEB7005410AA /* Limited Infection */,
				F844DCDF1A37DEA1005410AA /* Settings */,
				F844DCBD1A37D1DD005410AA /* AppDelegate.h */,
				F844DCBE1A37D1DD005410AA /* AppDelegate.m */,
				F844DCC31A37D1DD005410AA /* Main.storyboard */,
				F844DCC61A37D1DD005410AA /* Images.xcassets */,
				F844DCC81A37D1DD005410AA /* LaunchScreen.xib */,
				F844DCB91A37D1DD005410AA /* Supporting Files */,
				9CDD0A4D1A3806610055B0E4 /* INFDefaultData.plist */,
			);
			path = Infection;
			sourceTree = "<group>";
		};
		F844DCB91A37D1DD005410AA /* Supporting Files */ = {
			isa = PBXGroup;
			children = (
				F844DCBA1A37D1DD005410AA /* Info.plist */,
				F844DCBB1A37D1DD005410AA /* main.m */,
			);
			name = "Supporting Files";
			sourceTree = "<group>";
		};
		F844DCD21A37D1DD005410AA /* InfectionTests */ = {
			isa = PBXGroup;
			children = (
				F844DCD51A37D1DD005410AA /* InfectionTests.m */,
				F844DCD31A37D1DD005410AA /* Supporting Files */,
			);
			path = InfectionTests;
			sourceTree = "<group>";
		};
		F844DCD31A37D1DD005410AA /* Supporting Files */ = {
			isa = PBXGroup;
			children = (
				F844DCD41A37D1DD005410AA /* Info.plist */,
			);
			name = "Supporting Files";
			sourceTree = "<group>";
		};
		F844DCDF1A37DEA1005410AA /* Settings */ = {
			isa = PBXGroup;
			children = (
				F844DCEC1A37DFAE005410AA /* INFSettingsViewController.h */,
				F844DCED1A37DFAE005410AA /* INFSettingsViewController.m */,
			);
			path = Settings;
			sourceTree = "<group>";
		};
		F844DCE01A37DEA7005410AA /* Visualization */ = {
			isa = PBXGroup;
			children = (
				F844DCE31A37DF7A005410AA /* INFVisualizationViewController.h */,
				F844DCE41A37DF7A005410AA /* INFVisualizationViewController.m */,
			);
			path = Visualization;
			sourceTree = "<group>";
		};
		F844DCE11A37DEB0005410AA /* Total Infection */ = {
			isa = PBXGroup;
			children = (
				F844DCE61A37DF89005410AA /* INFTotalInfectionViewController.h */,
				F844DCE71A37DF89005410AA /* INFTotalInfectionViewController.m */,
			);
			name = "Total Infection";
			path = TotalInfection;
			sourceTree = "<group>";
		};
		F844DCE21A37DEB7005410AA /* Limited Infection */ = {
			isa = PBXGroup;
			children = (
				F844DCE91A37DF9B005410AA /* INFLimitedInfectionViewController.h */,
				F844DCEA1A37DF9B005410AA /* INFLimitedInfectionViewController.m */,
			);
			name = "Limited Infection";
			path = LimitedInfection;
			sourceTree = "<group>";
		};
		F844DCEF1A37E2FF005410AA /* Objects */ = {
			isa = PBXGroup;
			children = (
				F844DCF01A37E54D005410AA /* INFTree.h */,
				F844DCF11A37E54D005410AA /* INFTree.m */,
				F844DCF31A37E558005410AA /* INFNode.h */,
				F844DCF41A37E558005410AA /* INFNode.m */,
				F844DCF61A37E568005410AA /* INFUser.h */,
				F844DCF71A37E568005410AA /* INFUser.m */,
				F844DCF91A37EACA005410AA /* INFDataManager.h */,
				F844DCFA1A37EACA005410AA /* INFDataManager.m */,
			);
			path = Objects;
			sourceTree = "<group>";
		};
/* End PBXGroup section */

/* Begin PBXNativeTarget section */
		F844DCB51A37D1DD005410AA /* Infection */ = {
			isa = PBXNativeTarget;
			buildConfigurationList = F844DCD91A37D1DD005410AA /* Build configuration list for PBXNativeTarget "Infection" */;
			buildPhases = (
				F844DCB21A37D1DD005410AA /* Sources */,
				F844DCB31A37D1DD005410AA /* Frameworks */,
				F844DCB41A37D1DD005410AA /* Resources */,
			);
			buildRules = (
			);
			dependencies = (
			);
			name = Infection;
			productName = Infection;
			productReference = F844DCB61A37D1DD005410AA /* Infection.app */;
			productType = "com.apple.product-type.application";
		};
		F844DCCE1A37D1DD005410AA /* InfectionTests */ = {
			isa = PBXNativeTarget;
			buildConfigurationList = F844DCDC1A37D1DD005410AA /* Build configuration list for PBXNativeTarget "InfectionTests" */;
			buildPhases = (
				F844DCCB1A37D1DD005410AA /* Sources */,
				F844DCCC1A37D1DD005410AA /* Frameworks */,
				F844DCCD1A37D1DD005410AA /* Resources */,
			);
			buildRules = (
			);
			dependencies = (
				F844DCD11A37D1DD005410AA /* PBXTargetDependency */,
			);
			name = InfectionTests;
			productName = InfectionTests;
			productReference = F844DCCF1A37D1DD005410AA /* InfectionTests.xctest */;
			productType = "com.apple.product-type.bundle.unit-test";
		};
/* End PBXNativeTarget section */

/* Begin PBXProject section */
		F844DCAE1A37D1DD005410AA /* Project object */ = {
			isa = PBXProject;
			attributes = {
				LastUpgradeCheck = 0610;
				ORGANIZATIONNAME = "Justin Ehlert";
				TargetAttributes = {
					F844DCB51A37D1DD005410AA = {
						CreatedOnToolsVersion = 6.1.1;
					};
					F844DCCE1A37D1DD005410AA = {
						CreatedOnToolsVersion = 6.1.1;
						TestTargetID = F844DCB51A37D1DD005410AA;
					};
				};
			};
			buildConfigurationList = F844DCB11A37D1DD005410AA /* Build configuration list for PBXProject "Infection" */;
			compatibilityVersion = "Xcode 3.2";
			developmentRegion = English;
			hasScannedForEncodings = 0;
			knownRegions = (
				en,
				Base,
			);
			mainGroup = F844DCAD1A37D1DD005410AA;
			productRefGroup = F844DCB71A37D1DD005410AA /* Products */;
			projectDirPath = "";
			projectRoot = "";
			targets = (
				F844DCB51A37D1DD005410AA /* Infection */,
				F844DCCE1A37D1DD005410AA /* InfectionTests */,
			);
		};
/* End PBXProject section */

/* Begin PBXResourcesBuildPhase section */
		F844DCB41A37D1DD005410AA /* Resources */ = {
			isa = PBXResourcesBuildPhase;
			buildActionMask = 2147483647;
			files = (
				F844DCC51A37D1DD005410AA /* Main.storyboard in Resources */,
				F844DCCA1A37D1DD005410AA /* LaunchScreen.xib in Resources */,
				9CDD0A4E1A3806610055B0E4 /* INFDefaultData.plist in Resources */,
				F844DCC71A37D1DD005410AA /* Images.xcassets in Resources */,
			);
			runOnlyForDeploymentPostprocessing = 0;
		};
		F844DCCD1A37D1DD005410AA /* Resources */ = {
			isa = PBXResourcesBuildPhase;
			buildActionMask = 2147483647;
			files = (
			);
			runOnlyForDeploymentPostprocessing = 0;
		};
/* End PBXResourcesBuildPhase section */

/* Begin PBXSourcesBuildPhase section */
		F844DCB21A37D1DD005410AA /* Sources */ = {
			isa = PBXSourcesBuildPhase;
			buildActionMask = 2147483647;
			files = (
				F844DCF21A37E54D005410AA /* INFTree.m in Sources */,
				F844DCFB1A37EACA005410AA /* INFDataManager.m in Sources */,
				F844DCEB1A37DF9B005410AA /* INFLimitedInfectionViewController.m in Sources */,
				F844DCE51A37DF7A005410AA /* INFVisualizationViewController.m in Sources */,
				F844DCE81A37DF89005410AA /* INFTotalInfectionViewController.m in Sources */,
				F844DCF81A37E568005410AA /* INFUser.m in Sources */,
				F844DCBF1A37D1DD005410AA /* AppDelegate.m in Sources */,
				F844DCBC1A37D1DD005410AA /* main.m in Sources */,
				F844DCEE1A37DFAE005410AA /* INFSettingsViewController.m in Sources */,
				F844DCF51A37E558005410AA /* INFNode.m in Sources */,
			);
			runOnlyForDeploymentPostprocessing = 0;
		};
		F844DCCB1A37D1DD005410AA /* Sources */ = {
			isa = PBXSourcesBuildPhase;
			buildActionMask = 2147483647;
			files = (
				F844DCD61A37D1DD005410AA /* InfectionTests.m in Sources */,
			);
			runOnlyForDeploymentPostprocessing = 0;
		};
/* End PBXSourcesBuildPhase section */

/* Begin PBXTargetDependency section */
		F844DCD11A37D1DD005410AA /* PBXTargetDependency */ = {
			isa = PBXTargetDependency;
			target = F844DCB51A37D1DD005410AA /* Infection */;
			targetProxy = F844DCD01A37D1DD005410AA /* PBXContainerItemProxy */;
		};
/* End PBXTargetDependency section */

/* Begin PBXVariantGroup section */
		F844DCC31A37D1DD005410AA /* Main.storyboard */ = {
			isa = PBXVariantGroup;
			children = (
				F844DCC41A37D1DD005410AA /* Base */,
			);
			name = Main.storyboard;
			sourceTree = "<group>";
		};
		F844DCC81A37D1DD005410AA /* LaunchScreen.xib */ = {
			isa = PBXVariantGroup;
			children = (
				F844DCC91A37D1DD005410AA /* Base */,
			);
			name = LaunchScreen.xib;
			sourceTree = "<group>";
		};
/* End PBXVariantGroup section */

/* Begin XCBuildConfiguration section */
		F844DCD71A37D1DD005410AA /* Debug */ = {
			isa = XCBuildConfiguration;
			buildSettings = {
				ALWAYS_SEARCH_USER_PATHS = NO;
				CLANG_CXX_LANGUAGE_STANDARD = "gnu++0x";
				CLANG_CXX_LIBRARY = "libc++";
				CLANG_ENABLE_MODULES = YES;
				CLANG_ENABLE_OBJC_ARC = YES;
				CLANG_WARN_BOOL_CONVERSION = YES;
				CLANG_WARN_CONSTANT_CONVERSION = YES;
				CLANG_WARN_DIRECT_OBJC_ISA_USAGE = YES_ERROR;
				CLANG_WARN_EMPTY_BODY = YES;
				CLANG_WARN_ENUM_CONVERSION = YES;
				CLANG_WARN_INT_CONVERSION = YES;
				CLANG_WARN_OBJC_ROOT_CLASS = YES_ERROR;
				CLANG_WARN_UNREACHABLE_CODE = YES;
				CLANG_WARN__DUPLICATE_METHOD_MATCH = YES;
				"CODE_SIGN_IDENTITY[sdk=iphoneos*]" = "iPhone Developer";
				COPY_PHASE_STRIP = NO;
				ENABLE_STRICT_OBJC_MSGSEND = YES;
				GCC_C_LANGUAGE_STANDARD = gnu99;
				GCC_DYNAMIC_NO_PIC = NO;
				GCC_OPTIMIZATION_LEVEL = 0;
				GCC_PREPROCESSOR_DEFINITIONS = (
					"DEBUG=1",
					"$(inherited)",
				);
				GCC_SYMBOLS_PRIVATE_EXTERN = NO;
				GCC_WARN_64_TO_32_BIT_CONVERSION = YES;
				GCC_WARN_ABOUT_RETURN_TYPE = YES_ERROR;
				GCC_WARN_UNDECLARED_SELECTOR = YES;
				GCC_WARN_UNINITIALIZED_AUTOS = YES_AGGRESSIVE;
				GCC_WARN_UNUSED_FUNCTION = YES;
				GCC_WARN_UNUSED_VARIABLE = YES;
				IPHONEOS_DEPLOYMENT_TARGET = 8.1;
				MTL_ENABLE_DEBUG_INFO = YES;
				ONLY_ACTIVE_ARCH = YES;
				SDKROOT = iphoneos;
				TARGETED_DEVICE_FAMILY = 2;
			};
			name = Debug;
		};
		F844DCD81A37D1DD005410AA /* Release */ = {
			isa = XCBuildConfiguration;
			buildSettings = {
				ALWAYS_SEARCH_USER_PATHS = NO;
				CLANG_CXX_LANGUAGE_STANDARD = "gnu++0x";
				CLANG_CXX_LIBRARY = "libc++";
				CLANG_ENABLE_MODULES = YES;
				CLANG_ENABLE_OBJC_ARC = YES;
				CLANG_WARN_BOOL_CONVERSION = YES;
				CLANG_WARN_CONSTANT_CONVERSION = YES;
				CLANG_WARN_DIRECT_OBJC_ISA_USAGE = YES_ERROR;
				CLANG_WARN_EMPTY_BODY = YES;
				CLANG_WARN_ENUM_CONVERSION = YES;
				CLANG_WARN_INT_CONVERSION = YES;
				CLANG_WARN_OBJC_ROOT_CLASS = YES_ERROR;
				CLANG_WARN_UNREACHABLE_CODE = YES;
				CLANG_WARN__DUPLICATE_METHOD_MATCH = YES;
				"CODE_SIGN_IDENTITY[sdk=iphoneos*]" = "iPhone Developer";
				COPY_PHASE_STRIP = YES;
				ENABLE_NS_ASSERTIONS = NO;
				ENABLE_STRICT_OBJC_MSGSEND = YES;
				GCC_C_LANGUAGE_STANDARD = gnu99;
				GCC_WARN_64_TO_32_BIT_CONVERSION = YES;
				GCC_WARN_ABOUT_RETURN_TYPE = YES_ERROR;
				GCC_WARN_UNDECLARED_SELECTOR = YES;
				GCC_WARN_UNINITIALIZED_AUTOS = YES_AGGRESSIVE;
				GCC_WARN_UNUSED_FUNCTION = YES;
				GCC_WARN_UNUSED_VARIABLE = YES;
				IPHONEOS_DEPLOYMENT_TARGET = 8.1;
				MTL_ENABLE_DEBUG_INFO = NO;
				SDKROOT = iphoneos;
				TARGETED_DEVICE_FAMILY = 2;
				VALIDATE_PRODUCT = YES;
			};
			name = Release;
		};
		F844DCDA1A37D1DD005410AA /* Debug */ = {
			isa = XCBuildConfiguration;
			buildSettings = {
				ASSETCATALOG_COMPILER_APPICON_NAME = AppIcon;
				INFOPLIST_FILE = Infection/Info.plist;
				LD_RUNPATH_SEARCH_PATHS = "$(inherited) @executable_path/Frameworks";
				PRODUCT_NAME = "$(TARGET_NAME)";
			};
			name = Debug;
		};
		F844DCDB1A37D1DD005410AA /* Release */ = {
			isa = XCBuildConfiguration;
			buildSettings = {
				ASSETCATALOG_COMPILER_APPICON_NAME = AppIcon;
				INFOPLIST_FILE = Infection/Info.plist;
				LD_RUNPATH_SEARCH_PATHS = "$(inherited) @executable_path/Frameworks";
				PRODUCT_NAME = "$(TARGET_NAME)";
			};
			name = Release;
		};
		F844DCDD1A37D1DD005410AA /* Debug */ = {
			isa = XCBuildConfiguration;
			buildSettings = {
				BUNDLE_LOADER = "$(TEST_HOST)";
				FRAMEWORK_SEARCH_PATHS = (
					"$(SDKROOT)/Developer/Library/Frameworks",
					"$(inherited)",
				);
				GCC_PREPROCESSOR_DEFINITIONS = (
					"DEBUG=1",
					"$(inherited)",
				);
				INFOPLIST_FILE = InfectionTests/Info.plist;
				LD_RUNPATH_SEARCH_PATHS = "$(inherited) @executable_path/Frameworks @loader_path/Frameworks";
				PRODUCT_NAME = "$(TARGET_NAME)";
				TEST_HOST = "$(BUILT_PRODUCTS_DIR)/Infection.app/Infection";
			};
			name = Debug;
		};
		F844DCDE1A37D1DD005410AA /* Release */ = {
			isa = XCBuildConfiguration;
			buildSettings = {
				BUNDLE_LOADER = "$(TEST_HOST)";
				FRAMEWORK_SEARCH_PATHS = (
					"$(SDKROOT)/Developer/Library/Frameworks",
					"$(inherited)",
				);
				INFOPLIST_FILE = InfectionTests/Info.plist;
				LD_RUNPATH_SEARCH_PATHS = "$(inherited) @executable_path/Frameworks @loader_path/Frameworks";
				PRODUCT_NAME = "$(TARGET_NAME)";
				TEST_HOST = "$(BUILT_PRODUCTS_DIR)/Infection.app/Infection";
			};
			name = Release;
		};
/* End XCBuildConfiguration section */

/* Begin XCConfigurationList section */
		F844DCB11A37D1DD005410AA /* Build configuration list for PBXProject "Infection" */ = {
			isa = XCConfigurationList;
			buildConfigurations = (
				F844DCD71A37D1DD005410AA /* Debug */,
				F844DCD81A37D1DD005410AA /* Release */,
			);
			defaultConfigurationIsVisible = 0;
			defaultConfigurationName = Release;
		};
		F844DCD91A37D1DD005410AA /* Build configuration list for PBXNativeTarget "Infection" */ = {
			isa = XCConfigurationList;
			buildConfigurations = (
				F844DCDA1A37D1DD005410AA /* Debug */,
				F844DCDB1A37D1DD005410AA /* Release */,
			);
			defaultConfigurationIsVisible = 0;
			defaultConfigurationName = Release;
		};
		F844DCDC1A37D1DD005410AA /* Build configuration list for PBXNativeTarget "InfectionTests" */ = {
			isa = XCConfigurationList;
			buildConfigurations = (
				F844DCDD1A37D1DD005410AA /* Debug */,
				F844DCDE1A37D1DD005410AA /* Release */,
			);
			defaultConfigurationIsVisible = 0;
			defaultConfigurationName = Release;
		};
/* End XCConfigurationList section */
	};
	rootObject = F844DCAE1A37D1DD005410AA /* Project object */;
}
